{
    "name": "org.umbrella.miluska",
    "version": "1.0.0",
    "lockfileVersion": 1,
    "requires": true,
    "dependencies": {
        "cordova-plugin-camera": {
            "version": "3.0.0",
            "resolved": "https://registry.npmjs.org/cordova-plugin-camera/-/cordova-plugin-camera-3.0.0.tgz",
            "integrity": "sha1-khL/DiohHuhA2Kg/BR030N7AvR8="
        }
    }
}
